// !$*UTF8*$!
{
	archiveVersion = 1;
	classes = {
	};
	objectVersion = 46;
	objects = {

/* Begin PBXBuildFile section */
		0408028F1CA5755B00C7BFDD /* ChatViewController.m in Sources */ = {isa = PBXBuildFile; fileRef = 0408028E1CA5755B00C7BFDD /* ChatViewController.m */; };
		040AF43B1CB6A2CC00209E12 /* Foundation.framework in Frameworks */ = {isa = PBXBuildFile; fileRef = 040AF43A1CB6A2CC00209E12 /* Foundation.framework */; };
		040AF43D1CB6A2DE00209E12 /* UIKit.framework in Frameworks */ = {isa = PBXBuildFile; fileRef = 040AF43C1CB6A2DE00209E12 /* UIKit.framework */; };
		040AF43F1CB6A2E900209E12 /* CoreGraphics.framework in Frameworks */ = {isa = PBXBuildFile; fileRef = 040AF43E1CB6A2E900209E12 /* CoreGraphics.framework */; };
		042427DA1CAC0DA9004482BF /* ServerController.m in Sources */ = {isa = PBXBuildFile; fileRef = 042427D91CAC0DA9004482BF /* ServerController.m */; };
		047F2F3B1CE75DEB005391B3 /* CellTableViewCell.m in Sources */ = {isa = PBXBuildFile; fileRef = 047F2F3A1CE75DEB005391B3 /* CellTableViewCell.m */; };
		04BEEE361CA410A700048CD4 /* LoginViewController.m in Sources */ = {isa = PBXBuildFile; fileRef = 04BEEE351CA410A700048CD4 /* LoginViewController.m */; };
		04BEEE391CA410C100048CD4 /* RegViewController.m in Sources */ = {isa = PBXBuildFile; fileRef = 04BEEE381CA410C100048CD4 /* RegViewController.m */; };
		04BEEE3C1CA413C400048CD4 /* UserViewController.m in Sources */ = {isa = PBXBuildFile; fileRef = 04BEEE3B1CA413C400048CD4 /* UserViewController.m */; };
		04D28E651C9AF9EF008E942B /* main.m in Sources */ = {isa = PBXBuildFile; fileRef = 04D28E641C9AF9EF008E942B /* main.m */; };
		04D28E681C9AF9EF008E942B /* AppDelegate.m in Sources */ = {isa = PBXBuildFile; fileRef = 04D28E671C9AF9EF008E942B /* AppDelegate.m */; };
		04D28E6B1C9AF9EF008E942B /* ViewController.m in Sources */ = {isa = PBXBuildFile; fileRef = 04D28E6A1C9AF9EF008E942B /* ViewController.m */; };
		04D28E6E1C9AF9EF008E942B /* Main.storyboard in Resources */ = {isa = PBXBuildFile; fileRef = 04D28E6C1C9AF9EF008E942B /* Main.storyboard */; };
		04D28E731C9AF9EF008E942B /* Assets.xcassets in Resources */ = {isa = PBXBuildFile; fileRef = 04D28E721C9AF9EF008E942B /* Assets.xcassets */; };
		04D28E761C9AF9EF008E942B /* LaunchScreen.storyboard in Resources */ = {isa = PBXBuildFile; fileRef = 04D28E741C9AF9EF008E942B /* LaunchScreen.storyboard */; };
		04D28E811C9AF9EF008E942B /* XMPPTests.m in Sources */ = {isa = PBXBuildFile; fileRef = 04D28E801C9AF9EF008E942B /* XMPPTests.m */; };
		04D28E8C1C9AF9EF008E942B /* XMPPUITests.m in Sources */ = {isa = PBXBuildFile; fileRef = 04D28E8B1C9AF9EF008E942B /* XMPPUITests.m */; };
		04D2EFF91CDF107200D224E5 /* HudViewController.m in Sources */ = {isa = PBXBuildFile; fileRef = 04D2EFF81CDF107200D224E5 /* HudViewController.m */; };
		24784FF0C9508CFBA4E497C3 /* libPods.a in Frameworks */ = {isa = PBXBuildFile; fileRef = 4C1911811E58C67FA214A709 /* libPods.a */; };
/* End PBXBuildFile section */

/* Begin PBXContainerItemProxy section */
		04D28E7D1C9AF9EF008E942B /* PBXContainerItemProxy */ = {
			isa = PBXContainerItemProxy;
			containerPortal = 04D28E581C9AF9EF008E942B /* Project object */;
			proxyType = 1;
			remoteGlobalIDString = 04D28E5F1C9AF9EF008E942B;
			remoteInfo = XMPP;
		};
		04D28E881C9AF9EF008E942B /* PBXContainerItemProxy */ = {
			isa = PBXContainerItemProxy;
			containerPortal = 04D28E581C9AF9EF008E942B /* Project object */;
			proxyType = 1;
			remoteGlobalIDString = 04D28E5F1C9AF9EF008E942B;
			remoteInfo = XMPP;
		};
/* End PBXContainerItemProxy section */

/* Begin PBXFileReference section */
		0408028D1CA5755B00C7BFDD /* ChatViewController.h */ = {isa = PBXFileReference; fileEncoding = 4; lastKnownFileType = sourcecode.c.h; name = ChatViewController.h; path = ../../../Desktop/XMPP/XMPP/ChatViewController.h; sourceTree = "<group>"; };
		0408028E1CA5755B00C7BFDD /* ChatViewController.m */ = {isa = PBXFileReference; fileEncoding = 4; lastKnownFileType = sourcecode.c.objc; name = ChatViewController.m; path = ../../../Desktop/XMPP/XMPP/ChatViewController.m; sourceTree = "<group>"; };
		040AF43A1CB6A2CC00209E12 /* Foundation.framework */ = {isa = PBXFileReference; lastKnownFileType = wrapper.framework; name = Foundation.framework; path = System/Library/Frameworks/Foundation.framework; sourceTree = SDKROOT; };
		040AF43C1CB6A2DE00209E12 /* UIKit.framework */ = {isa = PBXFileReference; lastKnownFileType = wrapper.framework; name = UIKit.framework; path = System/Library/Frameworks/UIKit.framework; sourceTree = SDKROOT; };
		040AF43E1CB6A2E900209E12 /* CoreGraphics.framework */ = {isa = PBXFileReference; lastKnownFileType = wrapper.framework; name = CoreGraphics.framework; path = System/Library/Frameworks/CoreGraphics.framework; sourceTree = SDKROOT; };
		042427D81CAC0DA9004482BF /* ServerController.h */ = {isa = PBXFileReference; fileEncoding = 4; lastKnownFileType = sourcecode.c.h; name = ServerController.h; path = ../../../Desktop/XMPP/XMPP/ServerController.h; sourceTree = "<group>"; };
		042427D91CAC0DA9004482BF /* ServerController.m */ = {isa = PBXFileReference; fileEncoding = 4; lastKnownFileType = sourcecode.c.objc; name = ServerController.m; path = ../../../Desktop/XMPP/XMPP/ServerController.m; sourceTree = "<group>"; };
		047F2F391CE75DEB005391B3 /* CellTableViewCell.h */ = {isa = PBXFileReference; fileEncoding = 4; lastKnownFileType = sourcecode.c.h; path = CellTableViewCell.h; sourceTree = "<group>"; };
		047F2F3A1CE75DEB005391B3 /* CellTableViewCell.m */ = {isa = PBXFileReference; fileEncoding = 4; lastKnownFileType = sourcecode.c.objc; path = CellTableViewCell.m; sourceTree = "<group>"; };
		04BEEE341CA410A700048CD4 /* LoginViewController.h */ = {isa = PBXFileReference; fileEncoding = 4; lastKnownFileType = sourcecode.c.h; name = LoginViewController.h; path = ../../../Desktop/XMPP/XMPP/LoginViewController.h; sourceTree = "<group>"; };
		04BEEE351CA410A700048CD4 /* LoginViewController.m */ = {isa = PBXFileReference; fileEncoding = 4; lastKnownFileType = sourcecode.c.objc; name = LoginViewController.m; path = ../../../Desktop/XMPP/XMPP/LoginViewController.m; sourceTree = "<group>"; };
		04BEEE371CA410C100048CD4 /* RegViewController.h */ = {isa = PBXFileReference; fileEncoding = 4; lastKnownFileType = sourcecode.c.h; name = RegViewController.h; path = ../../../Desktop/XMPP/XMPP/RegViewController.h; sourceTree = "<group>"; };
		04BEEE381CA410C100048CD4 /* RegViewController.m */ = {isa = PBXFileReference; fileEncoding = 4; lastKnownFileType = sourcecode.c.objc; name = RegViewController.m; path = ../../../Desktop/XMPP/XMPP/RegViewController.m; sourceTree = "<group>"; };
		04BEEE3A1CA413C400048CD4 /* UserViewController.h */ = {isa = PBXFileReference; fileEncoding = 4; lastKnownFileType = sourcecode.c.h; name = UserViewController.h; path = ../../../Desktop/XMPP/XMPP/UserViewController.h; sourceTree = "<group>"; };
		04BEEE3B1CA413C400048CD4 /* UserViewController.m */ = {isa = PBXFileReference; fileEncoding = 4; lastKnownFileType = sourcecode.c.objc; name = UserViewController.m; path = ../../../Desktop/XMPP/XMPP/UserViewController.m; sourceTree = "<group>"; };
		04D28E601C9AF9EF008E942B /* XMPP.app */ = {isa = PBXFileReference; explicitFileType = wrapper.application; includeInIndex = 0; path = XMPP.app; sourceTree = BUILT_PRODUCTS_DIR; };
		04D28E641C9AF9EF008E942B /* main.m */ = {isa = PBXFileReference; lastKnownFileType = sourcecode.c.objc; path = main.m; sourceTree = "<group>"; };
		04D28E661C9AF9EF008E942B /* AppDelegate.h */ = {isa = PBXFileReference; lastKnownFileType = sourcecode.c.h; path = AppDelegate.h; sourceTree = "<group>"; };
		04D28E671C9AF9EF008E942B /* AppDelegate.m */ = {isa = PBXFileReference; lastKnownFileType = sourcecode.c.objc; path = AppDelegate.m; sourceTree = "<group>"; };
		04D28E691C9AF9EF008E942B /* ViewController.h */ = {isa = PBXFileReference; lastKnownFileType = sourcecode.c.h; path = ViewController.h; sourceTree = "<group>"; };
		04D28E6A1C9AF9EF008E942B /* ViewController.m */ = {isa = PBXFileReference; lastKnownFileType = sourcecode.c.objc; path = ViewController.m; sourceTree = "<group>"; };
		04D28E6D1C9AF9EF008E942B /* Base */ = {isa = PBXFileReference; lastKnownFileType = file.storyboard; name = Base; path = Base.lproj/Main.storyboard; sourceTree = "<group>"; };
		04D28E721C9AF9EF008E942B /* Assets.xcassets */ = {isa = PBXFileReference; lastKnownFileType = folder.assetcatalog; path = Assets.xcassets; sourceTree = "<group>"; };
		04D28E751C9AF9EF008E942B /* Base */ = {isa = PBXFileReference; lastKnownFileType = file.storyboard; name = Base; path = Base.lproj/LaunchScreen.storyboard; sourceTree = "<group>"; };
		04D28E771C9AF9EF008E942B /* Info.plist */ = {isa = PBXFileReference; lastKnownFileType = text.plist.xml; path = Info.plist; sourceTree = "<group>"; };
		04D28E7C1C9AF9EF008E942B /* XMPPTests.xctest */ = {isa = PBXFileReference; explicitFileType = wrapper.cfbundle; includeInIndex = 0; path = XMPPTests.xctest; sourceTree = BUILT_PRODUCTS_DIR; };
		04D28E801C9AF9EF008E942B /* XMPPTests.m */ = {isa = PBXFileReference; lastKnownFileType = sourcecode.c.objc; path = XMPPTests.m; sourceTree = "<group>"; };
		04D28E821C9AF9EF008E942B /* Info.plist */ = {isa = PBXFileReference; lastKnownFileType = text.plist.xml; path = Info.plist; sourceTree = "<group>"; };
		04D28E871C9AF9EF008E942B /* XMPPUITests.xctest */ = {isa = PBXFileReference; explicitFileType = wrapper.cfbundle; includeInIndex = 0; path = XMPPUITests.xctest; sourceTree = BUILT_PRODUCTS_DIR; };
		04D28E8B1C9AF9EF008E942B /* XMPPUITests.m */ = {isa = PBXFileReference; lastKnownFileType = sourcecode.c.objc; path = XMPPUITests.m; sourceTree = "<group>"; };
		04D28E8D1C9AF9EF008E942B /* Info.plist */ = {isa = PBXFileReference; lastKnownFileType = text.plist.xml; path = Info.plist; sourceTree = "<group>"; };
		04D2EFF71CDF107200D224E5 /* HudViewController.h */ = {isa = PBXFileReference; fileEncoding = 4; lastKnownFileType = sourcecode.c.h; name = HudViewController.h; path = ../../../Desktop/XMPP/XMPP/HudViewController.h; sourceTree = "<group>"; };
		04D2EFF81CDF107200D224E5 /* HudViewController.m */ = {isa = PBXFileReference; fileEncoding = 4; lastKnownFileType = sourcecode.c.objc; name = HudViewController.m; path = ../../../Desktop/XMPP/XMPP/HudViewController.m; sourceTree = "<group>"; };
		4C1911811E58C67FA214A709 /* libPods.a */ = {isa = PBXFileReference; explicitFileType = archive.ar; includeInIndex = 0; path = libPods.a; sourceTree = BUILT_PRODUCTS_DIR; };
		4EFFEEBA32B5F9AA63D8C5D9 /* Pods.debug.xcconfig */ = {isa = PBXFileReference; includeInIndex = 1; lastKnownFileType = text.xcconfig; name = Pods.debug.xcconfig; path = "../../Pods/Target Support Files/Pods/Pods.debug.xcconfig"; sourceTree = "<group>"; };
		B10BD24479080E2E511015D6 /* Pods.release.xcconfig */ = {isa = PBXFileReference; includeInIndex = 1; lastKnownFileType = text.xcconfig; name = Pods.release.xcconfig; path = "../../Pods/Target Support Files/Pods/Pods.release.xcconfig"; sourceTree = "<group>"; };
/* End PBXFileReference section */

/* Begin PBXFrameworksBuildPhase section */
		04D28E5D1C9AF9EF008E942B /* Frameworks */ = {
			isa = PBXFrameworksBuildPhase;
			buildActionMask = 2147483647;
			files = (
				040AF43F1CB6A2E900209E12 /* CoreGraphics.framework in Frameworks */,
				040AF43D1CB6A2DE00209E12 /* UIKit.framework in Frameworks */,
				040AF43B1CB6A2CC00209E12 /* Foundation.framework in Frameworks */,
				24784FF0C9508CFBA4E497C3 /* libPods.a in Frameworks */,
			);
			runOnlyForDeploymentPostprocessing = 0;
		};
		04D28E791C9AF9EF008E942B /* Frameworks */ = {
			isa = PBXFrameworksBuildPhase;
			buildActionMask = 2147483647;
			files = (
			);
			runOnlyForDeploymentPostprocessing = 0;
		};
		04D28E841C9AF9EF008E942B /* Frameworks */ = {
			isa = PBXFrameworksBuildPhase;
			buildActionMask = 2147483647;
			files = (
			);
			runOnlyForDeploymentPostprocessing = 0;
		};
/* End PBXFrameworksBuildPhase section */

/* Begin PBXGroup section */
		04D28E571C9AF9EF008E942B = {
			isa = PBXGroup;
			children = (
				04D28E621C9AF9EF008E942B /* XMPP */,
				04D28E7F1C9AF9EF008E942B /* XMPPTests */,
				04D28E8A1C9AF9EF008E942B /* XMPPUITests */,
				04D28E611C9AF9EF008E942B /* Products */,
				7A3EDAD013EE461CD08531C5 /* Pods */,
				E964D242765B2FD4DE05DFA5 /* Frameworks */,
			);
			sourceTree = "<group>";
		};
		04D28E611C9AF9EF008E942B /* Products */ = {
			isa = PBXGroup;
			children = (
				04D28E601C9AF9EF008E942B /* XMPP.app */,
				04D28E7C1C9AF9EF008E942B /* XMPPTests.xctest */,
				04D28E871C9AF9EF008E942B /* XMPPUITests.xctest */,
			);
			name = Products;
			sourceTree = "<group>";
		};
		04D28E621C9AF9EF008E942B /* XMPP */ = {
			isa = PBXGroup;
			children = (
				04D28E661C9AF9EF008E942B /* AppDelegate.h */,
				047F2F391CE75DEB005391B3 /* CellTableViewCell.h */,
				047F2F3A1CE75DEB005391B3 /* CellTableViewCell.m */,
				04D28E671C9AF9EF008E942B /* AppDelegate.m */,
				04D2EFF71CDF107200D224E5 /* HudViewController.h */,
				04D2EFF81CDF107200D224E5 /* HudViewController.m */,
				042427D81CAC0DA9004482BF /* ServerController.h */,
				042427D91CAC0DA9004482BF /* ServerController.m */,
				04BEEE341CA410A700048CD4 /* LoginViewController.h */,
				04BEEE351CA410A700048CD4 /* LoginViewController.m */,
				04BEEE371CA410C100048CD4 /* RegViewController.h */,
				04BEEE381CA410C100048CD4 /* RegViewController.m */,
				0408028D1CA5755B00C7BFDD /* ChatViewController.h */,
				0408028E1CA5755B00C7BFDD /* ChatViewController.m */,
				04BEEE3A1CA413C400048CD4 /* UserViewController.h */,
				04BEEE3B1CA413C400048CD4 /* UserViewController.m */,
				04D28E691C9AF9EF008E942B /* ViewController.h */,
				04D28E6A1C9AF9EF008E942B /* ViewController.m */,
				04D28E6C1C9AF9EF008E942B /* Main.storyboard */,
				04D28E721C9AF9EF008E942B /* Assets.xcassets */,
				04D28E741C9AF9EF008E942B /* LaunchScreen.storyboard */,
				04D28E771C9AF9EF008E942B /* Info.plist */,
				04D28E631C9AF9EF008E942B /* Supporting Files */,
			);
			path = XMPP;
			sourceTree = "<group>";
		};
		04D28E631C9AF9EF008E942B /* Supporting Files */ = {
			isa = PBXGroup;
			children = (
				04D28E641C9AF9EF008E942B /* main.m */,
			);
			name = "Supporting Files";
			sourceTree = "<group>";
		};
		04D28E7F1C9AF9EF008E942B /* XMPPTests */ = {
			isa = PBXGroup;
			children = (
				04D28E801C9AF9EF008E942B /* XMPPTests.m */,
				04D28E821C9AF9EF008E942B /* Info.plist */,
			);
			path = XMPPTests;
			sourceTree = "<group>";
		};
		04D28E8A1C9AF9EF008E942B /* XMPPUITests */ = {
			isa = PBXGroup;
			children = (
				04D28E8B1C9AF9EF008E942B /* XMPPUITests.m */,
				04D28E8D1C9AF9EF008E942B /* Info.plist */,
			);
			path = XMPPUITests;
			sourceTree = "<group>";
		};
		7A3EDAD013EE461CD08531C5 /* Pods */ = {
			isa = PBXGroup;
			children = (
				4EFFEEBA32B5F9AA63D8C5D9 /* Pods.debug.xcconfig */,
				B10BD24479080E2E511015D6 /* Pods.release.xcconfig */,
			);
			name = Pods;
			sourceTree = "<group>";
		};
		E964D242765B2FD4DE05DFA5 /* Frameworks */ = {
			isa = PBXGroup;
			children = (
				040AF43E1CB6A2E900209E12 /* CoreGraphics.framework */,
				040AF43C1CB6A2DE00209E12 /* UIKit.framework */,
				040AF43A1CB6A2CC00209E12 /* Foundation.framework */,
				4C1911811E58C67FA214A709 /* libPods.a */,
			);
			name = Frameworks;
			sourceTree = "<group>";
		};
/* End PBXGroup section */

/* Begin PBXNativeTarget section */
		04D28E5F1C9AF9EF008E942B /* XMPP */ = {
			isa = PBXNativeTarget;
			buildConfigurationList = 04D28E901C9AF9EF008E942B /* Build configuration list for PBXNativeTarget "XMPP" */;
			buildPhases = (
				CF8A2C54F5C25D5D9EA1FE8B /* Check Pods Manifest.lock */,
				04D28E5C1C9AF9EF008E942B /* Sources */,
				04D28E5D1C9AF9EF008E942B /* Frameworks */,
				04D28E5E1C9AF9EF008E942B /* Resources */,
				574E0F8E8E329F6398FAE1B3 /* Embed Pods Frameworks */,
				C617104708CA80771C7265A1 /* Copy Pods Resources */,
			);
			buildRules = (
			);
			dependencies = (
			);
			name = XMPP;
			productName = XMPP;
			productReference = 04D28E601C9AF9EF008E942B /* XMPP.app */;
			productType = "com.apple.product-type.application";
		};
		04D28E7B1C9AF9EF008E942B /* XMPPTests */ = {
			isa = PBXNativeTarget;
			buildConfigurationList = 04D28E931C9AF9EF008E942B /* Build configuration list for PBXNativeTarget "XMPPTests" */;
			buildPhases = (
				04D28E781C9AF9EF008E942B /* Sources */,
				04D28E791C9AF9EF008E942B /* Frameworks */,
				04D28E7A1C9AF9EF008E942B /* Resources */,
			);
			buildRules = (
			);
			dependencies = (
				04D28E7E1C9AF9EF008E942B /* PBXTargetDependency */,
			);
			name = XMPPTests;
			productName = XMPPTests;
			productReference = 04D28E7C1C9AF9EF008E942B /* XMPPTests.xctest */;
			productType = "com.apple.product-type.bundle.unit-test";
		};
		04D28E861C9AF9EF008E942B /* XMPPUITests */ = {
			isa = PBXNativeTarget;
			buildConfigurationList = 04D28E961C9AF9EF008E942B /* Build configuration list for PBXNativeTarget "XMPPUITests" */;
			buildPhases = (
				04D28E831C9AF9EF008E942B /* Sources */,
				04D28E841C9AF9EF008E942B /* Frameworks */,
				04D28E851C9AF9EF008E942B /* Resources */,
			);
			buildRules = (
			);
			dependencies = (
				04D28E891C9AF9EF008E942B /* PBXTargetDependency */,
			);
			name = XMPPUITests;
			productName = XMPPUITests;
			productReference = 04D28E871C9AF9EF008E942B /* XMPPUITests.xctest */;
			productType = "com.apple.product-type.bundle.ui-testing";
		};
/* End PBXNativeTarget section */

/* Begin PBXProject section */
		04D28E581C9AF9EF008E942B /* Project object */ = {
			isa = PBXProject;
			attributes = {
				LastUpgradeCheck = 0720;
				ORGANIZATIONNAME = davidliu;
				TargetAttributes = {
					04D28E5F1C9AF9EF008E942B = {
						CreatedOnToolsVersion = 7.2;
					};
					04D28E7B1C9AF9EF008E942B = {
						CreatedOnToolsVersion = 7.2;
						TestTargetID = 04D28E5F1C9AF9EF008E942B;
					};
					04D28E861C9AF9EF008E942B = {
						CreatedOnToolsVersion = 7.2;
						TestTargetID = 04D28E5F1C9AF9EF008E942B;
					};
				};
			};
			buildConfigurationList = 04D28E5B1C9AF9EF008E942B /* Build configuration list for PBXProject "XMPP" */;
			compatibilityVersion = "Xcode 3.2";
			developmentRegion = English;
			hasScannedForEncodings = 0;
			knownRegions = (
				en,
				Base,
				English,
			);
			mainGroup = 04D28E571C9AF9EF008E942B;
			productRefGroup = 04D28E611C9AF9EF008E942B /* Products */;
			projectDirPath = "";
			projectRoot = "";
			targets = (
				04D28E5F1C9AF9EF008E942B /* XMPP */,
				04D28E7B1C9AF9EF008E942B /* XMPPTests */,
				04D28E861C9AF9EF008E942B /* XMPPUITests */,
			);
		};
/* End PBXProject section */

/* Begin PBXResourcesBuildPhase section */
		04D28E5E1C9AF9EF008E942B /* Resources */ = {
			isa = PBXResourcesBuildPhase;
			buildActionMask = 2147483647;
			files = (
				04D28E761C9AF9EF008E942B /* LaunchScreen.storyboard in Resources */,
				04D28E731C9AF9EF008E942B /* Assets.xcassets in Resources */,
				04D28E6E1C9AF9EF008E942B /* Main.storyboard in Resources */,
			);
			runOnlyForDeploymentPostprocessing = 0;
		};
		04D28E7A1C9AF9EF008E942B /* Resources */ = {
			isa = PBXResourcesBuildPhase;
			buildActionMask = 2147483647;
			files = (
			);
			runOnlyForDeploymentPostprocessing = 0;
		};
		04D28E851C9AF9EF008E942B /* Resources */ = {
			isa = PBXResourcesBuildPhase;
			buildActionMask = 2147483647;
			files = (
			);
			runOnlyForDeploymentPostprocessing = 0;
		};
/* End PBXResourcesBuildPhase section */

/* Begin PBXShellScriptBuildPhase section */
		574E0F8E8E329F6398FAE1B3 /* Embed Pods Frameworks */ = {
			isa = PBXShellScriptBuildPhase;
			buildActionMask = 2147483647;
			files = (
			);
			inputPaths = (
			);
			name = "Embed Pods Frameworks";
			outputPaths = (
			);
			runOnlyForDeploymentPostprocessing = 0;
			shellPath = /bin/sh;
			shellScript = "\"${SRCROOT}/../../Pods/Target Support Files/Pods/Pods-frameworks.sh\"\n";
			showEnvVarsInLog = 0;
		};
		C617104708CA80771C7265A1 /* Copy Pods Resources */ = {
			isa = PBXShellScriptBuildPhase;
			buildActionMask = 2147483647;
			files = (
			);
			inputPaths = (
			);
			name = "Copy Pods Resources";
			outputPaths = (
			);
			runOnlyForDeploymentPostprocessing = 0;
			shellPath = /bin/sh;
			shellScript = "\"${SRCROOT}/../../Pods/Target Support Files/Pods/Pods-resources.sh\"\n";
			showEnvVarsInLog = 0;
		};
		CF8A2C54F5C25D5D9EA1FE8B /* Check Pods Manifest.lock */ = {
			isa = PBXShellScriptBuildPhase;
			buildActionMask = 2147483647;
			files = (
			);
			inputPaths = (
			);
			name = "Check Pods Manifest.lock";
			outputPaths = (
			);
			runOnlyForDeploymentPostprocessing = 0;
			shellPath = /bin/sh;
			shellScript = "diff \"${PODS_ROOT}/../Podfile.lock\" \"${PODS_ROOT}/Manifest.lock\" > /dev/null\nif [[ $? != 0 ]] ; then\n    cat << EOM\nerror: The sandbox is not in sync with the Podfile.lock. Run 'pod install' or update your CocoaPods installation.\nEOM\n    exit 1\nfi\n";
			showEnvVarsInLog = 0;
		};
/* End PBXShellScriptBuildPhase section */

/* Begin PBXSourcesBuildPhase section */
		04D28E5C1C9AF9EF008E942B /* Sources */ = {
			isa = PBXSourcesBuildPhase;
			buildActionMask = 2147483647;
			files = (
				042427DA1CAC0DA9004482BF /* ServerController.m in Sources */,
				04BEEE361CA410A700048CD4 /* LoginViewController.m in Sources */,
				04D28E6B1C9AF9EF008E942B /* ViewController.m in Sources */,
				04D2EFF91CDF107200D224E5 /* HudViewController.m in Sources */,
				04D28E681C9AF9EF008E942B /* AppDelegate.m in Sources */,
				04BEEE3C1CA413C400048CD4 /* UserViewController.m in Sources */,
				04BEEE391CA410C100048CD4 /* RegViewController.m in Sources */,
				0408028F1CA5755B00C7BFDD /* ChatViewController.m in Sources */,
				04D28E651C9AF9EF008E942B /* main.m in Sources */,
				047F2F3B1CE75DEB005391B3 /* CellTableViewCell.m in Sources */,
			);
			runOnlyForDeploymentPostprocessing = 0;
		};
		04D28E781C9AF9EF008E942B /* Sources */ = {
			isa = PBXSourcesBuildPhase;
			buildActionMask = 2147483647;
			files = (
				04D28E811C9AF9EF008E942B /* XMPPTests.m in Sources */,
			);
			runOnlyForDeploymentPostprocessing = 0;
		};
		04D28E831C9AF9EF008E942B /* Sources */ = {
			isa = PBXSourcesBuildPhase;
			buildActionMask = 2147483647;
			files = (
				04D28E8C1C9AF9EF008E942B /* XMPPUITests.m in Sources */,
			);
			runOnlyForDeploymentPostprocessing = 0;
		};
/* End PBXSourcesBuildPhase section */

/* Begin PBXTargetDependency section */
		04D28E7E1C9AF9EF008E942B /* PBXTargetDependency */ = {
			isa = PBXTargetDependency;
			target = 04D28E5F1C9AF9EF008E942B /* XMPP */;
			targetProxy = 04D28E7D1C9AF9EF008E942B /* PBXContainerItemProxy */;
		};
		04D28E891C9AF9EF008E942B /* PBXTargetDependency */ = {
			isa = PBXTargetDependency;
			target = 04D28E5F1C9AF9EF008E942B /* XMPP */;
			targetProxy = 04D28E881C9AF9EF008E942B /* PBXContainerItemProxy */;
		};
/* End PBXTargetDependency section */

/* Begin PBXVariantGroup section */
		04D28E6C1C9AF9EF008E942B /* Main.storyboard */ = {
			isa = PBXVariantGroup;
			children = (
				04D28E6D1C9AF9EF008E942B /* Base */,
			);
			name = Main.storyboard;
			sourceTree = "<group>";
		};
		04D28E741C9AF9EF008E942B /* LaunchScreen.storyboard */ = {
			isa = PBXVariantGroup;
			children = (
				04D28E751C9AF9EF008E942B /* Base */,
			);
			name = LaunchScreen.storyboard;
			sourceTree = "<group>";
		};
/* End PBXVariantGroup section */

/* Begin XCBuildConfiguration section */
		04D28E8E1C9AF9EF008E942B /* Debug */ = {
			isa = XCBuildConfiguration;
			buildSettings = {
				ALWAYS_SEARCH_USER_PATHS = NO;
				CLANG_CXX_LANGUAGE_STANDARD = "gnu++0x";
				CLANG_CXX_LIBRARY = "libc++";
				CLANG_ENABLE_MODULES = YES;
				CLANG_ENABLE_OBJC_ARC = YES;
				CLANG_WARN_BOOL_CONVERSION = YES;
				CLANG_WARN_CONSTANT_CONVERSION = YES;
				CLANG_WARN_DIRECT_OBJC_ISA_USAGE = YES_ERROR;
				CLANG_WARN_EMPTY_BODY = YES;
				CLANG_WARN_ENUM_CONVERSION = YES;
				CLANG_WARN_INT_CONVERSION = YES;
				CLANG_WARN_OBJC_ROOT_CLASS = YES_ERROR;
				CLANG_WARN_UNREACHABLE_CODE = YES;
				CLANG_WARN__DUPLICATE_METHOD_MATCH = YES;
				"CODE_SIGN_IDENTITY[sdk=iphoneos*]" = "iPhone Developer";
				COPY_PHASE_STRIP = NO;
				DEBUG_INFORMATION_FORMAT = dwarf;
				ENABLE_STRICT_OBJC_MSGSEND = YES;
				ENABLE_TESTABILITY = YES;
				GCC_C_LANGUAGE_STANDARD = gnu99;
				GCC_DYNAMIC_NO_PIC = NO;
				GCC_NO_COMMON_BLOCKS = YES;
				GCC_OPTIMIZATION_LEVEL = 0;
				GCC_PREPROCESSOR_DEFINITIONS = (
					"DEBUG=1",
					"$(inherited)",
				);
				GCC_WARN_64_TO_32_BIT_CONVERSION = YES;
				GCC_WARN_ABOUT_RETURN_TYPE = YES_ERROR;
				GCC_WARN_UNDECLARED_SELECTOR = YES;
				GCC_WARN_UNINITIALIZED_AUTOS = YES_AGGRESSIVE;
				GCC_WARN_UNUSED_FUNCTION = YES;
				GCC_WARN_UNUSED_VARIABLE = YES;
				IPHONEOS_DEPLOYMENT_TARGET = 9.2;
				MTL_ENABLE_DEBUG_INFO = YES;
				ONLY_ACTIVE_ARCH = YES;
				SDKROOT = iphoneos;
				TARGETED_DEVICE_FAMILY = "1,2";
			};
			name = Debug;
		};
		04D28E8F1C9AF9EF008E942B /* Release */ = {
			isa = XCBuildConfiguration;
			buildSettings = {
				ALWAYS_SEARCH_USER_PATHS = NO;
				CLANG_CXX_LANGUAGE_STANDARD = "gnu++0x";
				CLANG_CXX_LIBRARY = "libc++";
				CLANG_ENABLE_MODULES = YES;
				CLANG_ENABLE_OBJC_ARC = YES;
				CLANG_WARN_BOOL_CONVERSION = YES;
				CLANG_WARN_CONSTANT_CONVERSION = YES;
				CLANG_WARN_DIRECT_OBJC_ISA_USAGE = YES_ERROR;
				CLANG_WARN_EMPTY_BODY = YES;
				CLANG_WARN_ENUM_CONVERSION = YES;
				CLANG_WARN_INT_CONVERSION = YES;
				CLANG_WARN_OBJC_ROOT_CLASS = YES_ERROR;
				CLANG_WARN_UNREACHABLE_CODE = YES;
				CLANG_WARN__DUPLICATE_METHOD_MATCH = YES;
				"CODE_SIGN_IDENTITY[sdk=iphoneos*]" = "iPhone Developer";
				COPY_PHASE_STRIP = NO;
				DEBUG_INFORMATION_FORMAT = "dwarf-with-dsym";
				ENABLE_NS_ASSERTIONS = NO;
				ENABLE_STRICT_OBJC_MSGSEND = YES;
				GCC_C_LANGUAGE_STANDARD = gnu99;
				GCC_NO_COMMON_BLOCKS = YES;
				GCC_WARN_64_TO_32_BIT_CONVERSION = YES;
				GCC_WARN_ABOUT_RETURN_TYPE = YES_ERROR;
				GCC_WARN_UNDECLARED_SELECTOR = YES;
				GCC_WARN_UNINITIALIZED_AUTOS = YES_AGGRESSIVE;
				GCC_WARN_UNUSED_FUNCTION = YES;
				GCC_WARN_UNUSED_VARIABLE = YES;
				IPHONEOS_DEPLOYMENT_TARGET = 9.2;
				MTL_ENABLE_DEBUG_INFO = NO;
				SDKROOT = iphoneos;
				TARGETED_DEVICE_FAMILY = "1,2";
				VALIDATE_PRODUCT = YES;
			};
			name = Release;
		};
		04D28E911C9AF9EF008E942B /* Debug */ = {
			isa = XCBuildConfiguration;
			baseConfigurationReference = 4EFFEEBA32B5F9AA63D8C5D9 /* Pods.debug.xcconfig */;
			buildSettings = {
				ASSETCATALOG_COMPILER_APPICON_NAME = AppIcon;
				INFOPLIST_FILE = XMPP/Info.plist;
				LD_RUNPATH_SEARCH_PATHS = "$(inherited) @executable_path/Frameworks";
				LIBRARY_SEARCH_PATHS = (
					"$(inherited)",
					"$(PROJECT_DIR)/XMPP/Vendor/libidn",
				);
				PRODUCT_BUNDLE_IDENTIFIER = diaosi.XMPP;
				PRODUCT_NAME = "$(TARGET_NAME)";
			};
			name = Debug;
		};
		04D28E921C9AF9EF008E942B /* Release */ = {
			isa = XCBuildConfiguration;
			baseConfigurationReference = B10BD24479080E2E511015D6 /* Pods.release.xcconfig */;
			buildSettings = {
				ASSETCATALOG_COMPILER_APPICON_NAME = AppIcon;
				INFOPLIST_FILE = XMPP/Info.plist;
				LD_RUNPATH_SEARCH_PATHS = "$(inherited) @executable_path/Frameworks";
				LIBRARY_SEARCH_PATHS = (
					"$(inherited)",
					"$(PROJECT_DIR)/XMPP/Vendor/libidn",
				);
				PRODUCT_BUNDLE_IDENTIFIER = diaosi.XMPP;
				PRODUCT_NAME = "$(TARGET_NAME)";
			};
			name = Release;
		};
		04D28E941C9AF9EF008E942B /* Debug */ = {
			isa = XCBuildConfiguration;
			buildSettings = {
				BUNDLE_LOADER = "$(TEST_HOST)";
				INFOPLIST_FILE = XMPPTests/Info.plist;
				LD_RUNPATH_SEARCH_PATHS = "$(inherited) @executable_path/Frameworks @loader_path/Frameworks";
				PRODUCT_BUNDLE_IDENTIFIER = diaosi.XMPPTests;
				PRODUCT_NAME = "$(TARGET_NAME)";
				TEST_HOST = "$(BUILT_PRODUCTS_DIR)/XMPP.app/XMPP";
			};
			name = Debug;
		};
		04D28E951C9AF9EF008E942B /* Release */ = {
			isa = XCBuildConfiguration;
			buildSettings = {
				BUNDLE_LOADER = "$(TEST_HOST)";
				INFOPLIST_FILE = XMPPTests/Info.plist;
				LD_RUNPATH_SEARCH_PATHS = "$(inherited) @executable_path/Frameworks @loader_path/Frameworks";
				PRODUCT_BUNDLE_IDENTIFIER = diaosi.XMPPTests;
				PRODUCT_NAME = "$(TARGET_NAME)";
				TEST_HOST = "$(BUILT_PRODUCTS_DIR)/XMPP.app/XMPP";
			};
			name = Release;
		};
		04D28E971C9AF9EF008E942B /* Debug */ = {
			isa = XCBuildConfiguration;
			buildSettings = {
				INFOPLIST_FILE = XMPPUITests/Info.plist;
				LD_RUNPATH_SEARCH_PATHS = "$(inherited) @executable_path/Frameworks @loader_path/Frameworks";
				PRODUCT_BUNDLE_IDENTIFIER = diaosi.XMPPUITests;
				PRODUCT_NAME = "$(TARGET_NAME)";
				TEST_TARGET_NAME = XMPP;
				USES_XCTRUNNER = YES;
			};
			name = Debug;
		};
		04D28E981C9AF9EF008E942B /* Release */ = {
			isa = XCBuildConfiguration;
			buildSettings = {
				INFOPLIST_FILE = XMPPUITests/Info.plist;
				LD_RUNPATH_SEARCH_PATHS = "$(inherited) @executable_path/Frameworks @loader_path/Frameworks";
				PRODUCT_BUNDLE_IDENTIFIER = diaosi.XMPPUITests;
				PRODUCT_NAME = "$(TARGET_NAME)";
				TEST_TARGET_NAME = XMPP;
				USES_XCTRUNNER = YES;
			};
			name = Release;
		};
/* End XCBuildConfiguration section */

/* Begin XCConfigurationList section */
		04D28E5B1C9AF9EF008E942B /* Build configuration list for PBXProject "XMPP" */ = {
			isa = XCConfigurationList;
			buildConfigurations = (
				04D28E8E1C9AF9EF008E942B /* Debug */,
				04D28E8F1C9AF9EF008E942B /* Release */,
			);
			defaultConfigurationIsVisible = 0;
			defaultConfigurationName = Release;
		};
		04D28E901C9AF9EF008E942B /* Build configuration list for PBXNativeTarget "XMPP" */ = {
			isa = XCConfigurationList;
			buildConfigurations = (
				04D28E911C9AF9EF008E942B /* Debug */,
				04D28E921C9AF9EF008E942B /* Release */,
			);
			defaultConfigurationIsVisible = 0;
			defaultConfigurationName = Release;
		};
		04D28E931C9AF9EF008E942B /* Build configuration list for PBXNativeTarget "XMPPTests" */ = {
			isa = XCConfigurationList;
			buildConfigurations = (
				04D28E941C9AF9EF008E942B /* Debug */,
				04D28E951C9AF9EF008E942B /* Release */,
			);
			defaultConfigurationIsVisible = 0;
			defaultConfigurationName = Release;
		};
		04D28E961C9AF9EF008E942B /* Build configuration list for PBXNativeTarget "XMPPUITests" */ = {
			isa = XCConfigurationList;
			buildConfigurations = (
				04D28E971C9AF9EF008E942B /* Debug */,
				04D28E981C9AF9EF008E942B /* Release */,
			);
			defaultConfigurationIsVisible = 0;
			defaultConfigurationName = Release;
		};
/* End XCConfigurationList section */
	};
	rootObject = 04D28E581C9AF9EF008E942B /* Project object */;
}
